PODS:
  - YYYProgressHUD (1.0.0):
    - YYYWeakProxy (~> 1.0.0)
  - YYYWeakProxy (1.0.0)

DEPENDENCIES:
  - YYYProgressHUD (from `../`)

SPEC REPOS:
  https://github.com/CocoaPods/Specs.git:
    - YYYWeakProxy

EXTERNAL SOURCES:
  YYYProgressHUD:
    :path: "../"

SPEC CHECKSUMS:
  YYYProgressHUD: f6faecc57d054a5690048e843d2b738508b11fde
  YYYWeakProxy: 79afa120824e672c0f9530d843a1c9e2fa33dff9

PODFILE CHECKSUM: 1eeceea033944c737215d61ed6b2ee2ab026497c

COCOAPODS: 1.9.1
